
Microsoft Visual Studio Solution File, Format Version 12.00
# Visual Studio 2012
Project("{FAE04EC0-301F-11D3-BF4B-00C04F79EFBC}") = "magpieIOS", "magpieIOS\magpieIOS.csproj", "{9A38E58C-EF18-4123-82E0-BCBDDE323C83}"
EndProject
Global
	GlobalSection(SolutionConfigurationPlatforms) = preSolution
		Debug|iPhoneSimulator = Debug|iPhoneSimulator
		Release|iPhone = Release|iPhone
		Release|iPhoneSimulator = Release|iPhoneSimulator
		Debug|iPhone = Debug|iPhone
	EndGlobalSection
	GlobalSection(ProjectConfigurationPlatforms) = postSolution
		{9A38E58C-EF18-4123-82E0-BCBDDE323C83}.Debug|iPhoneSimulator.ActiveCfg = Debug|iPhoneSimulator
		{9A38E58C-EF18-4123-82E0-BCBDDE323C83}.Debug|iPhoneSimulator.Build.0 = Debug|iPhoneSimulator
		{9A38E58C-EF18-4123-82E0-BCBDDE323C83}.Release|iPhone.ActiveCfg = Release|iPhone
		{9A38E58C-EF18-4123-82E0-BCBDDE323C83}.Release|iPhone.Build.0 = Release|iPhone
		{9A38E58C-EF18-4123-82E0-BCBDDE323C83}.Release|iPhoneSimulator.ActiveCfg = Release|iPhoneSimulator
		{9A38E58C-EF18-4123-82E0-BCBDDE323C83}.Release|iPhoneSimulator.Build.0 = Release|iPhoneSimulator
		{9A38E58C-EF18-4123-82E0-BCBDDE323C83}.Debug|iPhone.ActiveCfg = Debug|iPhone
		{9A38E58C-EF18-4123-82E0-BCBDDE323C83}.Debug|iPhone.Build.0 = Debug|iPhone
	EndGlobalSection
EndGlobal
